
Microsoft Visual Studio Solution File, Format Version 12.00
# Visual Studio Version 16
VisualStudioVersion = 16.0.31729.503
MinimumVisualStudioVersion = 10.0.40219.1
Project("{8BC9CEB8-8B4A-11D0-8D11-00A0C91BC942}") = "CConsoleApp", "CConsoleApp\CConsoleApp.vcxproj", "{40EFADB8-12EA-4619-ACEF-C2378D4D7AB1}"
EndProject
Global
	GlobalSection(SolutionConfigurationPlatforms) = preSolution
		Debug|x64 = Debug|x64
		Debug|x86 = Debug|x86
		Release|x64 = Release|x64
		Release|x86 = Release|x86
	EndGlobalSection
	GlobalSection(ProjectConfigurationPlatforms) = postSolution
		{40EFADB8-12EA-4619-ACEF-C2378D4D7AB1}.Debug|x64.ActiveCfg = Debug|x64
		{40EFADB8-12EA-4619-ACEF-C2378D4D7AB1}.Debug|x64.Build.0 = Debug|x64
		{40EFADB8-12EA-4619-ACEF-C2378D4D7AB1}.Debug|x86.ActiveCfg = Debug|Win32
		{40EFADB8-12EA-4619-ACEF-C2378D4D7AB1}.Debug|x86.Build.0 = Debug|Win32
		{40EFADB8-12EA-4619-ACEF-C2378D4D7AB1}.Release|x64.ActiveCfg = Release|x64
		{40EFADB8-12EA-4619-ACEF-C2378D4D7AB1}.Release|x64.Build.0 = Release|x64
		{40EFADB8-12EA-4619-ACEF-C2378D4D7AB1}.Release|x86.ActiveCfg = Release|Win32
		{40EFADB8-12EA-4619-ACEF-C2378D4D7AB1}.Release|x86.Build.0 = Release|Win32
	EndGlobalSection
	GlobalSection(SolutionProperties) = preSolution
		HideSolutionNode = FALSE
	EndGlobalSection
	GlobalSection(ExtensibilityGlobals) = postSolution
		SolutionGuid = {E666A8B3-1635-47C4-938B-3A62DEC09150}
	EndGlobalSection
EndGlobal
